
Microsoft Visual Studio Solution File, Format Version 12.00
# Visual Studio Version 17
VisualStudioVersion = 17.2.32526.322
MinimumVisualStudioVersion = 10.0.40219.1
Project("{9A19103F-16F7-4668-BE54-9A1E7A4F7556}") = "EKOMARKET", "EKOMARKET\EKOMARKET.csproj", "{FE259132-AE1F-4379-91E6-E8F490542D16}"
EndProject
Project("{9A19103F-16F7-4668-BE54-9A1E7A4F7556}") = "EKOMARKET.CORE", "EKOMARKET.CORE\EKOMARKET.CORE.csproj", "{DDB0A8C8-10AE-45C1-BF7D-40AEA8C3F34B}"
EndProject
Project("{FAE04EC0-301F-11D3-BF4B-00C04F79EFBC}") = "EKOMARKET.HANGFIRE", "EKOMARKET.HANGFIRE\EKOMARKET.HANGFIRE.csproj", "{B600CD5B-DAEA-4954-BA8C-DF1EB5F7D5B8}"
EndProject
Global
	GlobalSection(SolutionConfigurationPlatforms) = preSolution
		Debug|Any CPU = Debug|Any CPU
		Release|Any CPU = Release|Any CPU
	EndGlobalSection
	GlobalSection(ProjectConfigurationPlatforms) = postSolution
		{FE259132-AE1F-4379-91E6-E8F490542D16}.Debug|Any CPU.ActiveCfg = Debug|Any CPU
		{FE259132-AE1F-4379-91E6-E8F490542D16}.Debug|Any CPU.Build.0 = Debug|Any CPU
		{FE259132-AE1F-4379-91E6-E8F490542D16}.Release|Any CPU.ActiveCfg = Release|Any CPU
		{FE259132-AE1F-4379-91E6-E8F490542D16}.Release|Any CPU.Build.0 = Release|Any CPU
		{DDB0A8C8-10AE-45C1-BF7D-40AEA8C3F34B}.Debug|Any CPU.ActiveCfg = Debug|Any CPU
		{DDB0A8C8-10AE-45C1-BF7D-40AEA8C3F34B}.Debug|Any CPU.Build.0 = Debug|Any CPU
		{DDB0A8C8-10AE-45C1-BF7D-40AEA8C3F34B}.Release|Any CPU.ActiveCfg = Release|Any CPU
		{DDB0A8C8-10AE-45C1-BF7D-40AEA8C3F34B}.Release|Any CPU.Build.0 = Release|Any CPU
		{B600CD5B-DAEA-4954-BA8C-DF1EB5F7D5B8}.Debug|Any CPU.ActiveCfg = Debug|Any CPU
		{B600CD5B-DAEA-4954-BA8C-DF1EB5F7D5B8}.Debug|Any CPU.Build.0 = Debug|Any CPU
		{B600CD5B-DAEA-4954-BA8C-DF1EB5F7D5B8}.Release|Any CPU.ActiveCfg = Release|Any CPU
		{B600CD5B-DAEA-4954-BA8C-DF1EB5F7D5B8}.Release|Any CPU.Build.0 = Release|Any CPU
	EndGlobalSection
	GlobalSection(SolutionProperties) = preSolution
		HideSolutionNode = FALSE
	EndGlobalSection
	GlobalSection(ExtensibilityGlobals) = postSolution
		SolutionGuid = {FB81C525-C20E-4D37-8668-3204CF59AE6D}
	EndGlobalSection
EndGlobal
